
Microsoft Visual Studio Solution File, Format Version 12.00
# Visual Studio 15
VisualStudioVersion = 15.0.28306.52
MinimumVisualStudioVersion = 10.0.40219.1
Project("{FAE04EC0-301F-11D3-BF4B-00C04F79EFBC}") = "TabbedShell", "TabbedShell\TabbedShell.csproj", "{722C2EC1-4EB8-4E61-B211-74AEDD97BD67}"
EndProject
Project("{C7167F0D-BC9F-4E6E-AFE1-012C56B48DB5}") = "TabbedShellPackaging", "TabbedShellPackaging\TabbedShellPackaging.wapproj", "{A87BB4CF-94FF-46F2-957D-F1C5BEB71430}"
EndProject
Project("{FAE04EC0-301F-11D3-BF4B-00C04F79EFBC}") = "TabbedShellStartupTask", "TabbedShellStartupTask\TabbedShellStartupTask.csproj", "{5C1A2BB0-6C2F-4F3A-AED8-2D94454F0275}"
EndProject
Global
	GlobalSection(SolutionConfigurationPlatforms) = preSolution
		Debug|Any CPU = Debug|Any CPU
		Debug|ARM = Debug|ARM
		Debug|ARM64 = Debug|ARM64
		Debug|x64 = Debug|x64
		Debug|x86 = Debug|x86
		Release|Any CPU = Release|Any CPU
		Release|ARM = Release|ARM
		Release|ARM64 = Release|ARM64
		Release|x64 = Release|x64
		Release|x86 = Release|x86
	EndGlobalSection
	GlobalSection(ProjectConfigurationPlatforms) = postSolution
		{722C2EC1-4EB8-4E61-B211-74AEDD97BD67}.Debug|Any CPU.ActiveCfg = Debug|Any CPU
		{722C2EC1-4EB8-4E61-B211-74AEDD97BD67}.Debug|Any CPU.Build.0 = Debug|Any CPU
		{722C2EC1-4EB8-4E61-B211-74AEDD97BD67}.Debug|ARM.ActiveCfg = Debug|Any CPU
		{722C2EC1-4EB8-4E61-B211-74AEDD97BD67}.Debug|ARM.Build.0 = Debug|Any CPU
		{722C2EC1-4EB8-4E61-B211-74AEDD97BD67}.Debug|ARM64.ActiveCfg = Debug|Any CPU
		{722C2EC1-4EB8-4E61-B211-74AEDD97BD67}.Debug|ARM64.Build.0 = Debug|Any CPU
		{722C2EC1-4EB8-4E61-B211-74AEDD97BD67}.Debug|x64.ActiveCfg = Debug|Any CPU
		{722C2EC1-4EB8-4E61-B211-74AEDD97BD67}.Debug|x64.Build.0 = Debug|Any CPU
		{722C2EC1-4EB8-4E61-B211-74AEDD97BD67}.Debug|x86.ActiveCfg = Debug|Any CPU
		{722C2EC1-4EB8-4E61-B211-74AEDD97BD67}.Debug|x86.Build.0 = Debug|Any CPU
		{722C2EC1-4EB8-4E61-B211-74AEDD97BD67}.Release|Any CPU.ActiveCfg = Release|Any CPU
		{722C2EC1-4EB8-4E61-B211-74AEDD97BD67}.Release|Any CPU.Build.0 = Release|Any CPU
		{722C2EC1-4EB8-4E61-B211-74AEDD97BD67}.Release|ARM.ActiveCfg = Release|Any CPU
		{722C2EC1-4EB8-4E61-B211-74AEDD97BD67}.Release|ARM.Build.0 = Release|Any CPU
		{722C2EC1-4EB8-4E61-B211-74AEDD97BD67}.Release|ARM64.ActiveCfg = Release|Any CPU
		{722C2EC1-4EB8-4E61-B211-74AEDD97BD67}.Release|ARM64.Build.0 = Release|Any CPU
		{722C2EC1-4EB8-4E61-B211-74AEDD97BD67}.Release|x64.ActiveCfg = Release|Any CPU
		{722C2EC1-4EB8-4E61-B211-74AEDD97BD67}.Release|x64.Build.0 = Release|Any CPU
		{722C2EC1-4EB8-4E61-B211-74AEDD97BD67}.Release|x86.ActiveCfg = Release|Any CPU
		{722C2EC1-4EB8-4E61-B211-74AEDD97BD67}.Release|x86.Build.0 = Release|Any CPU
		{A87BB4CF-94FF-46F2-957D-F1C5BEB71430}.Debug|Any CPU.ActiveCfg = Debug|Any CPU
		{A87BB4CF-94FF-46F2-957D-F1C5BEB71430}.Debug|Any CPU.Build.0 = Debug|Any CPU
		{A87BB4CF-94FF-46F2-957D-F1C5BEB71430}.Debug|Any CPU.Deploy.0 = Debug|Any CPU
		{A87BB4CF-94FF-46F2-957D-F1C5BEB71430}.Debug|ARM.ActiveCfg = Debug|Any CPU
		{A87BB4CF-94FF-46F2-957D-F1C5BEB71430}.Debug|ARM.Build.0 = Debug|Any CPU
		{A87BB4CF-94FF-46F2-957D-F1C5BEB71430}.Debug|ARM.Deploy.0 = Debug|Any CPU
		{A87BB4CF-94FF-46F2-957D-F1C5BEB71430}.Debug|ARM64.ActiveCfg = Debug|Any CPU
		{A87BB4CF-94FF-46F2-957D-F1C5BEB71430}.Debug|ARM64.Build.0 = Debug|Any CPU
		{A87BB4CF-94FF-46F2-957D-F1C5BEB71430}.Debug|ARM64.Deploy.0 = Debug|Any CPU
		{A87BB4CF-94FF-46F2-957D-F1C5BEB71430}.Debug|x64.ActiveCfg = Debug|x64
		{A87BB4CF-94FF-46F2-957D-F1C5BEB71430}.Debug|x64.Build.0 = Debug|x64
		{A87BB4CF-94FF-46F2-957D-F1C5BEB71430}.Debug|x64.Deploy.0 = Debug|x64
		{A87BB4CF-94FF-46F2-957D-F1C5BEB71430}.Debug|x86.ActiveCfg = Debug|x86
		{A87BB4CF-94FF-46F2-957D-F1C5BEB71430}.Debug|x86.Build.0 = Debug|x86
		{A87BB4CF-94FF-46F2-957D-F1C5BEB71430}.Debug|x86.Deploy.0 = Debug|x86
		{A87BB4CF-94FF-46F2-957D-F1C5BEB71430}.Release|Any CPU.ActiveCfg = Release|Any CPU
		{A87BB4CF-94FF-46F2-957D-F1C5BEB71430}.Release|Any CPU.Build.0 = Release|Any CPU
		{A87BB4CF-94FF-46F2-957D-F1C5BEB71430}.Release|Any CPU.Deploy.0 = Release|Any CPU
		{A87BB4CF-94FF-46F2-957D-F1C5BEB71430}.Release|ARM.ActiveCfg = Release|Any CPU
		{A87BB4CF-94FF-46F2-957D-F1C5BEB71430}.Release|ARM.Build.0 = Release|Any CPU
		{A87BB4CF-94FF-46F2-957D-F1C5BEB71430}.Release|ARM.Deploy.0 = Release|Any CPU
		{A87BB4CF-94FF-46F2-957D-F1C5BEB71430}.Release|ARM64.ActiveCfg = Release|Any CPU
		{A87BB4CF-94FF-46F2-957D-F1C5BEB71430}.Release|ARM64.Build.0 = Release|Any CPU
		{A87BB4CF-94FF-46F2-957D-F1C5BEB71430}.Release|ARM64.Deploy.0 = Release|Any CPU
		{A87BB4CF-94FF-46F2-957D-F1C5BEB71430}.Release|x64.ActiveCfg = Release|x64
		{A87BB4CF-94FF-46F2-957D-F1C5BEB71430}.Release|x64.Build.0 = Release|x64
		{A87BB4CF-94FF-46F2-957D-F1C5BEB71430}.Release|x64.Deploy.0 = Release|x64
		{A87BB4CF-94FF-46F2-957D-F1C5BEB71430}.Release|x86.ActiveCfg = Release|x86
		{A87BB4CF-94FF-46F2-957D-F1C5BEB71430}.Release|x86.Build.0 = Release|x86
		{A87BB4CF-94FF-46F2-957D-F1C5BEB71430}.Release|x86.Deploy.0 = Release|x86
		{5C1A2BB0-6C2F-4F3A-AED8-2D94454F0275}.Debug|Any CPU.ActiveCfg = Debug|Any CPU
		{5C1A2BB0-6C2F-4F3A-AED8-2D94454F0275}.Debug|Any CPU.Build.0 = Debug|Any CPU
		{5C1A2BB0-6C2F-4F3A-AED8-2D94454F0275}.Debug|ARM.ActiveCfg = Debug|Any CPU
		{5C1A2BB0-6C2F-4F3A-AED8-2D94454F0275}.Debug|ARM.Build.0 = Debug|Any CPU
		{5C1A2BB0-6C2F-4F3A-AED8-2D94454F0275}.Debug|ARM64.ActiveCfg = Debug|Any CPU
		{5C1A2BB0-6C2F-4F3A-AED8-2D94454F0275}.Debug|ARM64.Build.0 = Debug|Any CPU
		{5C1A2BB0-6C2F-4F3A-AED8-2D94454F0275}.Debug|x64.ActiveCfg = Debug|Any CPU
		{5C1A2BB0-6C2F-4F3A-AED8-2D94454F0275}.Debug|x64.Build.0 = Debug|Any CPU
		{5C1A2BB0-6C2F-4F3A-AED8-2D94454F0275}.Debug|x86.ActiveCfg = Debug|Any CPU
		{5C1A2BB0-6C2F-4F3A-AED8-2D94454F0275}.Debug|x86.Build.0 = Debug|Any CPU
		{5C1A2BB0-6C2F-4F3A-AED8-2D94454F0275}.Release|Any CPU.ActiveCfg = Release|Any CPU
		{5C1A2BB0-6C2F-4F3A-AED8-2D94454F0275}.Release|Any CPU.Build.0 = Release|Any CPU
		{5C1A2BB0-6C2F-4F3A-AED8-2D94454F0275}.Release|ARM.ActiveCfg = Release|Any CPU
		{5C1A2BB0-6C2F-4F3A-AED8-2D94454F0275}.Release|ARM.Build.0 = Release|Any CPU
		{5C1A2BB0-6C2F-4F3A-AED8-2D94454F0275}.Release|ARM64.ActiveCfg = Release|Any CPU
		{5C1A2BB0-6C2F-4F3A-AED8-2D94454F0275}.Release|ARM64.Build.0 = Release|Any CPU
		{5C1A2BB0-6C2F-4F3A-AED8-2D94454F0275}.Release|x64.ActiveCfg = Release|Any CPU
		{5C1A2BB0-6C2F-4F3A-AED8-2D94454F0275}.Release|x64.Build.0 = Release|Any CPU
		{5C1A2BB0-6C2F-4F3A-AED8-2D94454F0275}.Release|x86.ActiveCfg = Release|Any CPU
		{5C1A2BB0-6C2F-4F3A-AED8-2D94454F0275}.Release|x86.Build.0 = Release|Any CPU
	EndGlobalSection
	GlobalSection(SolutionProperties) = preSolution
		HideSolutionNode = FALSE
	EndGlobalSection
	GlobalSection(ExtensibilityGlobals) = postSolution
		SolutionGuid = {5D9B90CE-B3FA-4F6A-BEC1-E0C0FBF72828}
	EndGlobalSection
EndGlobal
